
Microsoft Visual Studio Solution File, Format Version 12.00
# Visual Studio Version 16
VisualStudioVersion = 16.0.30204.135
MinimumVisualStudioVersion = 10.0.40219.1
Project("{9A19103F-16F7-4668-BE54-9A1E7A4F7556}") = "Small.Net", "Small.Net\Small.Net.csproj", "{50C63908-68C6-49E2-999C-352E99511182}"
EndProject
Project("{9A19103F-16F7-4668-BE54-9A1E7A4F7556}") = "Small.Net.Test", "Small.Net.Test\Small.Net.Test.csproj", "{B5018ECC-4D13-45B6-9E03-BDF8C73E95E7}"
EndProject
Project("{FAE04EC0-301F-11D3-BF4B-00C04F79EFBC}") = "WorldEditor", "WorldEditor\WorldEditor.csproj", "{EF794887-3F37-4F97-AC63-DB851D878077}"
EndProject
Project("{9A19103F-16F7-4668-BE54-9A1E7A4F7556}") = "Small.Net.Graphic", "Small.Net.Graphic\Small.Net.Graphic.csproj", "{8B652595-05D4-4C79-B46F-7204D8737296}"
EndProject
Project("{FAE04EC0-301F-11D3-BF4B-00C04F79EFBC}") = "Small.Net.ScubaDiving", "Small.Net.ScubaDiving\Small.Net.ScubaDiving.csproj", "{16487855-5CE5-4121-A872-074A5D5D16B0}"
EndProject
Project("{FAE04EC0-301F-11D3-BF4B-00C04F79EFBC}") = "Small.Net.ScubaDiving.Test", "Small.Net.ScubaDiving.Test\Small.Net.ScubaDiving.Test.csproj", "{4931BECF-3D85-4ABB-89D1-83B7AFEF26B6}"
EndProject
Global
	GlobalSection(SolutionConfigurationPlatforms) = preSolution
		Debug|Any CPU = Debug|Any CPU
		Debug|ARM = Debug|ARM
		Debug|ARM64 = Debug|ARM64
		Debug|x64 = Debug|x64
		Debug|x86 = Debug|x86
		Release|Any CPU = Release|Any CPU
		Release|ARM = Release|ARM
		Release|ARM64 = Release|ARM64
		Release|x64 = Release|x64
		Release|x86 = Release|x86
	EndGlobalSection
	GlobalSection(ProjectConfigurationPlatforms) = postSolution
		{50C63908-68C6-49E2-999C-352E99511182}.Debug|Any CPU.ActiveCfg = Debug|Any CPU
		{50C63908-68C6-49E2-999C-352E99511182}.Debug|Any CPU.Build.0 = Debug|Any CPU
		{50C63908-68C6-49E2-999C-352E99511182}.Debug|ARM.ActiveCfg = Debug|Any CPU
		{50C63908-68C6-49E2-999C-352E99511182}.Debug|ARM.Build.0 = Debug|Any CPU
		{50C63908-68C6-49E2-999C-352E99511182}.Debug|ARM64.ActiveCfg = Debug|Any CPU
		{50C63908-68C6-49E2-999C-352E99511182}.Debug|ARM64.Build.0 = Debug|Any CPU
		{50C63908-68C6-49E2-999C-352E99511182}.Debug|x64.ActiveCfg = Debug|Any CPU
		{50C63908-68C6-49E2-999C-352E99511182}.Debug|x64.Build.0 = Debug|Any CPU
		{50C63908-68C6-49E2-999C-352E99511182}.Debug|x86.ActiveCfg = Debug|Any CPU
		{50C63908-68C6-49E2-999C-352E99511182}.Debug|x86.Build.0 = Debug|Any CPU
		{50C63908-68C6-49E2-999C-352E99511182}.Release|Any CPU.ActiveCfg = Release|Any CPU
		{50C63908-68C6-49E2-999C-352E99511182}.Release|Any CPU.Build.0 = Release|Any CPU
		{50C63908-68C6-49E2-999C-352E99511182}.Release|ARM.ActiveCfg = Release|Any CPU
		{50C63908-68C6-49E2-999C-352E99511182}.Release|ARM.Build.0 = Release|Any CPU
		{50C63908-68C6-49E2-999C-352E99511182}.Release|ARM64.ActiveCfg = Release|Any CPU
		{50C63908-68C6-49E2-999C-352E99511182}.Release|ARM64.Build.0 = Release|Any CPU
		{50C63908-68C6-49E2-999C-352E99511182}.Release|x64.ActiveCfg = Release|Any CPU
		{50C63908-68C6-49E2-999C-352E99511182}.Release|x64.Build.0 = Release|Any CPU
		{50C63908-68C6-49E2-999C-352E99511182}.Release|x86.ActiveCfg = Release|Any CPU
		{50C63908-68C6-49E2-999C-352E99511182}.Release|x86.Build.0 = Release|Any CPU
		{B5018ECC-4D13-45B6-9E03-BDF8C73E95E7}.Debug|Any CPU.ActiveCfg = Debug|Any CPU
		{B5018ECC-4D13-45B6-9E03-BDF8C73E95E7}.Debug|Any CPU.Build.0 = Debug|Any CPU
		{B5018ECC-4D13-45B6-9E03-BDF8C73E95E7}.Debug|ARM.ActiveCfg = Debug|Any CPU
		{B5018ECC-4D13-45B6-9E03-BDF8C73E95E7}.Debug|ARM.Build.0 = Debug|Any CPU
		{B5018ECC-4D13-45B6-9E03-BDF8C73E95E7}.Debug|ARM64.ActiveCfg = Debug|Any CPU
		{B5018ECC-4D13-45B6-9E03-BDF8C73E95E7}.Debug|ARM64.Build.0 = Debug|Any CPU
		{B5018ECC-4D13-45B6-9E03-BDF8C73E95E7}.Debug|x64.ActiveCfg = Debug|Any CPU
		{B5018ECC-4D13-45B6-9E03-BDF8C73E95E7}.Debug|x64.Build.0 = Debug|Any CPU
		{B5018ECC-4D13-45B6-9E03-BDF8C73E95E7}.Debug|x86.ActiveCfg = Debug|Any CPU
		{B5018ECC-4D13-45B6-9E03-BDF8C73E95E7}.Debug|x86.Build.0 = Debug|Any CPU
		{B5018ECC-4D13-45B6-9E03-BDF8C73E95E7}.Release|Any CPU.ActiveCfg = Release|Any CPU
		{B5018ECC-4D13-45B6-9E03-BDF8C73E95E7}.Release|Any CPU.Build.0 = Release|Any CPU
		{B5018ECC-4D13-45B6-9E03-BDF8C73E95E7}.Release|ARM.ActiveCfg = Release|Any CPU
		{B5018ECC-4D13-45B6-9E03-BDF8C73E95E7}.Release|ARM.Build.0 = Release|Any CPU
		{B5018ECC-4D13-45B6-9E03-BDF8C73E95E7}.Release|ARM64.ActiveCfg = Release|Any CPU
		{B5018ECC-4D13-45B6-9E03-BDF8C73E95E7}.Release|ARM64.Build.0 = Release|Any CPU
		{B5018ECC-4D13-45B6-9E03-BDF8C73E95E7}.Release|x64.ActiveCfg = Release|Any CPU
		{B5018ECC-4D13-45B6-9E03-BDF8C73E95E7}.Release|x64.Build.0 = Release|Any CPU
		{B5018ECC-4D13-45B6-9E03-BDF8C73E95E7}.Release|x86.ActiveCfg = Release|Any CPU
		{B5018ECC-4D13-45B6-9E03-BDF8C73E95E7}.Release|x86.Build.0 = Release|Any CPU
		{EF794887-3F37-4F97-AC63-DB851D878077}.Debug|Any CPU.ActiveCfg = Debug|x64
		{EF794887-3F37-4F97-AC63-DB851D878077}.Debug|Any CPU.Build.0 = Debug|x64
		{EF794887-3F37-4F97-AC63-DB851D878077}.Debug|ARM.ActiveCfg = Debug|ARM
		{EF794887-3F37-4F97-AC63-DB851D878077}.Debug|ARM.Build.0 = Debug|ARM
		{EF794887-3F37-4F97-AC63-DB851D878077}.Debug|ARM.Deploy.0 = Debug|ARM
		{EF794887-3F37-4F97-AC63-DB851D878077}.Debug|ARM64.ActiveCfg = Debug|ARM64
		{EF794887-3F37-4F97-AC63-DB851D878077}.Debug|ARM64.Build.0 = Debug|ARM64
		{EF794887-3F37-4F97-AC63-DB851D878077}.Debug|ARM64.Deploy.0 = Debug|ARM64
		{EF794887-3F37-4F97-AC63-DB851D878077}.Debug|x64.ActiveCfg = Debug|x64
		{EF794887-3F37-4F97-AC63-DB851D878077}.Debug|x64.Build.0 = Debug|x64
		{EF794887-3F37-4F97-AC63-DB851D878077}.Debug|x64.Deploy.0 = Debug|x64
		{EF794887-3F37-4F97-AC63-DB851D878077}.Debug|x86.ActiveCfg = Debug|x86
		{EF794887-3F37-4F97-AC63-DB851D878077}.Debug|x86.Build.0 = Debug|x86
		{EF794887-3F37-4F97-AC63-DB851D878077}.Debug|x86.Deploy.0 = Debug|x86
		{EF794887-3F37-4F97-AC63-DB851D878077}.Release|Any CPU.ActiveCfg = Release|x86
		{EF794887-3F37-4F97-AC63-DB851D878077}.Release|ARM.ActiveCfg = Release|ARM
		{EF794887-3F37-4F97-AC63-DB851D878077}.Release|ARM.Build.0 = Release|ARM
		{EF794887-3F37-4F97-AC63-DB851D878077}.Release|ARM.Deploy.0 = Release|ARM
		{EF794887-3F37-4F97-AC63-DB851D878077}.Release|ARM64.ActiveCfg = Release|ARM64
		{EF794887-3F37-4F97-AC63-DB851D878077}.Release|ARM64.Build.0 = Release|ARM64
		{EF794887-3F37-4F97-AC63-DB851D878077}.Release|ARM64.Deploy.0 = Release|ARM64
		{EF794887-3F37-4F97-AC63-DB851D878077}.Release|x64.ActiveCfg = Release|x64
		{EF794887-3F37-4F97-AC63-DB851D878077}.Release|x64.Build.0 = Release|x64
		{EF794887-3F37-4F97-AC63-DB851D878077}.Release|x64.Deploy.0 = Release|x64
		{EF794887-3F37-4F97-AC63-DB851D878077}.Release|x86.ActiveCfg = Release|x86
		{EF794887-3F37-4F97-AC63-DB851D878077}.Release|x86.Build.0 = Release|x86
		{EF794887-3F37-4F97-AC63-DB851D878077}.Release|x86.Deploy.0 = Release|x86
		{8B652595-05D4-4C79-B46F-7204D8737296}.Debug|Any CPU.ActiveCfg = Debug|Any CPU
		{8B652595-05D4-4C79-B46F-7204D8737296}.Debug|Any CPU.Build.0 = Debug|Any CPU
		{8B652595-05D4-4C79-B46F-7204D8737296}.Debug|ARM.ActiveCfg = Debug|Any CPU
		{8B652595-05D4-4C79-B46F-7204D8737296}.Debug|ARM.Build.0 = Debug|Any CPU
		{8B652595-05D4-4C79-B46F-7204D8737296}.Debug|ARM64.ActiveCfg = Debug|Any CPU
		{8B652595-05D4-4C79-B46F-7204D8737296}.Debug|ARM64.Build.0 = Debug|Any CPU
		{8B652595-05D4-4C79-B46F-7204D8737296}.Debug|x64.ActiveCfg = Debug|Any CPU
		{8B652595-05D4-4C79-B46F-7204D8737296}.Debug|x64.Build.0 = Debug|Any CPU
		{8B652595-05D4-4C79-B46F-7204D8737296}.Debug|x86.ActiveCfg = Debug|Any CPU
		{8B652595-05D4-4C79-B46F-7204D8737296}.Debug|x86.Build.0 = Debug|Any CPU
		{8B652595-05D4-4C79-B46F-7204D8737296}.Release|Any CPU.ActiveCfg = Release|Any CPU
		{8B652595-05D4-4C79-B46F-7204D8737296}.Release|Any CPU.Build.0 = Release|Any CPU
		{8B652595-05D4-4C79-B46F-7204D8737296}.Release|ARM.ActiveCfg = Release|Any CPU
		{8B652595-05D4-4C79-B46F-7204D8737296}.Release|ARM.Build.0 = Release|Any CPU
		{8B652595-05D4-4C79-B46F-7204D8737296}.Release|ARM64.ActiveCfg = Release|Any CPU
		{8B652595-05D4-4C79-B46F-7204D8737296}.Release|ARM64.Build.0 = Release|Any CPU
		{8B652595-05D4-4C79-B46F-7204D8737296}.Release|x64.ActiveCfg = Release|Any CPU
		{8B652595-05D4-4C79-B46F-7204D8737296}.Release|x64.Build.0 = Release|Any CPU
		{8B652595-05D4-4C79-B46F-7204D8737296}.Release|x86.ActiveCfg = Release|Any CPU
		{8B652595-05D4-4C79-B46F-7204D8737296}.Release|x86.Build.0 = Release|Any CPU
		{16487855-5CE5-4121-A872-074A5D5D16B0}.Debug|Any CPU.ActiveCfg = Debug|Any CPU
		{16487855-5CE5-4121-A872-074A5D5D16B0}.Debug|Any CPU.Build.0 = Debug|Any CPU
		{16487855-5CE5-4121-A872-074A5D5D16B0}.Debug|ARM.ActiveCfg = Debug|Any CPU
		{16487855-5CE5-4121-A872-074A5D5D16B0}.Debug|ARM.Build.0 = Debug|Any CPU
		{16487855-5CE5-4121-A872-074A5D5D16B0}.Debug|ARM64.ActiveCfg = Debug|Any CPU
		{16487855-5CE5-4121-A872-074A5D5D16B0}.Debug|ARM64.Build.0 = Debug|Any CPU
		{16487855-5CE5-4121-A872-074A5D5D16B0}.Debug|x64.ActiveCfg = Debug|Any CPU
		{16487855-5CE5-4121-A872-074A5D5D16B0}.Debug|x64.Build.0 = Debug|Any CPU
		{16487855-5CE5-4121-A872-074A5D5D16B0}.Debug|x86.ActiveCfg = Debug|Any CPU
		{16487855-5CE5-4121-A872-074A5D5D16B0}.Debug|x86.Build.0 = Debug|Any CPU
		{16487855-5CE5-4121-A872-074A5D5D16B0}.Release|Any CPU.ActiveCfg = Release|Any CPU
		{16487855-5CE5-4121-A872-074A5D5D16B0}.Release|Any CPU.Build.0 = Release|Any CPU
		{16487855-5CE5-4121-A872-074A5D5D16B0}.Release|ARM.ActiveCfg = Release|Any CPU
		{16487855-5CE5-4121-A872-074A5D5D16B0}.Release|ARM.Build.0 = Release|Any CPU
		{16487855-5CE5-4121-A872-074A5D5D16B0}.Release|ARM64.ActiveCfg = Release|Any CPU
		{16487855-5CE5-4121-A872-074A5D5D16B0}.Release|ARM64.Build.0 = Release|Any CPU
		{16487855-5CE5-4121-A872-074A5D5D16B0}.Release|x64.ActiveCfg = Release|Any CPU
		{16487855-5CE5-4121-A872-074A5D5D16B0}.Release|x64.Build.0 = Release|Any CPU
		{16487855-5CE5-4121-A872-074A5D5D16B0}.Release|x86.ActiveCfg = Release|Any CPU
		{16487855-5CE5-4121-A872-074A5D5D16B0}.Release|x86.Build.0 = Release|Any CPU
		{4931BECF-3D85-4ABB-89D1-83B7AFEF26B6}.Debug|Any CPU.ActiveCfg = Debug|Any CPU
		{4931BECF-3D85-4ABB-89D1-83B7AFEF26B6}.Debug|Any CPU.Build.0 = Debug|Any CPU
		{4931BECF-3D85-4ABB-89D1-83B7AFEF26B6}.Debug|ARM.ActiveCfg = Debug|Any CPU
		{4931BECF-3D85-4ABB-89D1-83B7AFEF26B6}.Debug|ARM.Build.0 = Debug|Any CPU
		{4931BECF-3D85-4ABB-89D1-83B7AFEF26B6}.Debug|ARM64.ActiveCfg = Debug|Any CPU
		{4931BECF-3D85-4ABB-89D1-83B7AFEF26B6}.Debug|ARM64.Build.0 = Debug|Any CPU
		{4931BECF-3D85-4ABB-89D1-83B7AFEF26B6}.Debug|x64.ActiveCfg = Debug|Any CPU
		{4931BECF-3D85-4ABB-89D1-83B7AFEF26B6}.Debug|x64.Build.0 = Debug|Any CPU
		{4931BECF-3D85-4ABB-89D1-83B7AFEF26B6}.Debug|x86.ActiveCfg = Debug|Any CPU
		{4931BECF-3D85-4ABB-89D1-83B7AFEF26B6}.Debug|x86.Build.0 = Debug|Any CPU
		{4931BECF-3D85-4ABB-89D1-83B7AFEF26B6}.Release|Any CPU.ActiveCfg = Release|Any CPU
		{4931BECF-3D85-4ABB-89D1-83B7AFEF26B6}.Release|Any CPU.Build.0 = Release|Any CPU
		{4931BECF-3D85-4ABB-89D1-83B7AFEF26B6}.Release|ARM.ActiveCfg = Release|Any CPU
		{4931BECF-3D85-4ABB-89D1-83B7AFEF26B6}.Release|ARM.Build.0 = Release|Any CPU
		{4931BECF-3D85-4ABB-89D1-83B7AFEF26B6}.Release|ARM64.ActiveCfg = Release|Any CPU
		{4931BECF-3D85-4ABB-89D1-83B7AFEF26B6}.Release|ARM64.Build.0 = Release|Any CPU
		{4931BECF-3D85-4ABB-89D1-83B7AFEF26B6}.Release|x64.ActiveCfg = Release|Any CPU
		{4931BECF-3D85-4ABB-89D1-83B7AFEF26B6}.Release|x64.Build.0 = Release|Any CPU
		{4931BECF-3D85-4ABB-89D1-83B7AFEF26B6}.Release|x86.ActiveCfg = Release|Any CPU
		{4931BECF-3D85-4ABB-89D1-83B7AFEF26B6}.Release|x86.Build.0 = Release|Any CPU
	EndGlobalSection
	GlobalSection(SolutionProperties) = preSolution
		HideSolutionNode = FALSE
	EndGlobalSection
	GlobalSection(ExtensibilityGlobals) = postSolution
		SolutionGuid = {679B2624-E6FF-4D3F-ACF1-5C5CE3150054}
	EndGlobalSection
EndGlobal
